{
  "name": "ajs3.2",
  "version": "1.0.0",
  "lockfileVersion": 2,
  "requires": true,
  "packages": {
    "": {
      "name": "ajs3.2",
      "version": "1.0.0",
      "license": "ISC",
      "dependencies": {
        "@nickosinnikov/ajs3_1": "^1.0.0"
      }
    },
    "node_modules/@nickosinnikov/ajs3_1": {
      "version": "1.0.0",
      "resolved": "https://npm.pkg.github.com/download/@nickosinnikov/ajs3_1/1.0.0/840a9d8d4cda532945ea8be167e63fe0ca83849b4200a0d44e208fa46c7bd665",
      "integrity": "sha512-2JCzaI5t/o3pt2LHDdpZDSh2X/KalCdg/VUkYV6SRAWcqyYpegaxHPr9R2GTrkRqasD+F1DKXqCTEIfK/CTA+Q==",
      "license": "ISC"
    }
  },
  "dependencies": {
    "@nickosinnikov/ajs3_1": {
      "version": "1.0.0",
      "resolved": "https://npm.pkg.github.com/download/@nickosinnikov/ajs3_1/1.0.0/840a9d8d4cda532945ea8be167e63fe0ca83849b4200a0d44e208fa46c7bd665",
      "integrity": "sha512-2JCzaI5t/o3pt2LHDdpZDSh2X/KalCdg/VUkYV6SRAWcqyYpegaxHPr9R2GTrkRqasD+F1DKXqCTEIfK/CTA+Q=="
    }
  }
}
