{
  "name": "ajs3.2",
  "version": "1.0.0",
  "lockfileVersion": 2,
  "requires": true,
  "packages": {
    "": {
      "name": "ajs3.2",
      "version": "1.0.0",
      "license": "ISC",
      "dependencies": {
        "@nickosinnikov/ajs3.1": "^1.0.0"
      }
    },
    "node_modules/@nickosinnikov/ajs3.1": {
      "version": "1.0.0",
      "resolved": "https://npm.pkg.github.com/download/@nickosinnikov/ajs3.1/1.0.0/4ded1ecd933e414b107d2ab4b8404e650a05e095f27f568677d370ccf153a134",
      "integrity": "sha512-RxNhI1ETKnB7zV1CPxTQ6BxqTEoZpghBdHkGrRdMaDH1mWOWzlfA1DYUFuA4juGbzpaBDyfmcWIVALkOc8A39Q==",
      "license": "ISC"
    }
  },
  "dependencies": {
    "@nickosinnikov/ajs3.1": {
      "version": "1.0.0",
      "resolved": "https://npm.pkg.github.com/download/@nickosinnikov/ajs3.1/1.0.0/4ded1ecd933e414b107d2ab4b8404e650a05e095f27f568677d370ccf153a134",
      "integrity": "sha512-RxNhI1ETKnB7zV1CPxTQ6BxqTEoZpghBdHkGrRdMaDH1mWOWzlfA1DYUFuA4juGbzpaBDyfmcWIVALkOc8A39Q=="
    }
  }
}
